PODS:
  - JXPhotoBrowser (2.2.5):
    - JXPhotoBrowser/Kingfisher (= 2.2.5)
  - JXPhotoBrowser/Core (2.2.5)
  - JXPhotoBrowser/Kingfisher (2.2.5):
    - JXPhotoBrowser/Core
    - Kingfisher
  - JXPhotoBrowser/KingfisherWebP (2.2.5):
    - JXPhotoBrowser/Core
    - KingfisherWebP
  - Kingfisher (5.8.3):
    - Kingfisher/Core (= 5.8.3)
  - Kingfisher/Core (5.8.3)
  - KingfisherWebP (0.7.0):
    - Kingfisher (~> 5.8)
    - libwebp (>= 0.5.0)
  - libwebp (1.0.3):
    - libwebp/demux (= 1.0.3)
    - libwebp/mux (= 1.0.3)
    - libwebp/webp (= 1.0.3)
  - libwebp/demux (1.0.3):
    - libwebp/webp
  - libwebp/mux (1.0.3):
    - libwebp/demux
  - libwebp/webp (1.0.3)

DEPENDENCIES:
  - JXPhotoBrowser (from `../`)
  - JXPhotoBrowser/KingfisherWebP (from `../`)
  - Kingfisher

SPEC REPOS:
  https://github.com/CocoaPods/Specs.git:
    - Kingfisher
    - KingfisherWebP
    - libwebp

EXTERNAL SOURCES:
  JXPhotoBrowser:
    :path: "../"

SPEC CHECKSUMS:
  JXPhotoBrowser: 9fd9ad134fbd16214e7bb781c25e59b8784ea925
  Kingfisher: b7e4cb65ff24c264bd2a1284b75b974d907afd94
  KingfisherWebP: 50d8389a48a9004c36e655470ccbff96de1ced9c
  libwebp: 3fc89febfa8af824571067b00adc108496febe24

PODFILE CHECKSUM: 9232914ef5d8d0f894d9e2d2823d770142749000

COCOAPODS: 1.8.3
