PODS:
  - JXPhotoBrowser (3.0.4)
  - Kingfisher (5.12.0):
    - Kingfisher/Core (= 5.12.0)
  - Kingfisher/Core (5.12.0)
  - SDWebImage (5.4.0):
    - SDWebImage/Core (= 5.4.0)
  - SDWebImage/Core (5.4.0)

DEPENDENCIES:
  - JXPhotoBrowser (from `../`)
  - Kingfisher
  - SDWebImage

SPEC REPOS:
  trunk:
    - Kingfisher
    - SDWebImage

EXTERNAL SOURCES:
  JXPhotoBrowser:
    :path: "../"

SPEC CHECKSUMS:
  JXPhotoBrowser: 0fe379f3ccbc1b7ced5faa34564deca5d42015f0
  Kingfisher: dc6e0f53bb5b12c3e75bedb0e01bbd7a640eea69
  SDWebImage: 5bf6aec6481ae2a062bdc59f9d6c1d1e552090e0

PODFILE CHECKSUM: e9a664c9797966ecede664d83adb37ef296b9a22

COCOAPODS: 1.8.4
