PODS:
  - JXPhotoBrowser (0.1.0)
  - Kingfisher (8.6.0)
  - LookinServer (1.2.8):
    - LookinServer/Core (= 1.2.8)
  - LookinServer/Core (1.2.8)
  - SDWebImage (5.21.3):
    - SDWebImage/Core (= 5.21.3)
  - SDWebImage/Core (5.21.3)

DEPENDENCIES:
  - JXPhotoBrowser (from `.`)
  - Kingfisher
  - LookinServer
  - SDWebImage

SPEC REPOS:
  trunk:
    - Kingfisher
    - LookinServer
    - SDWebImage

EXTERNAL SOURCES:
  JXPhotoBrowser:
    :path: "."

SPEC CHECKSUMS:
  JXPhotoBrowser: 2dee426d20ba2d62eac1ec8effb419d19a6968d4
  Kingfisher: 64278f126a815d0e2d391cdf71311b85882c4de0
  LookinServer: 1b2b61c6402ae29fa22182d48f5cd067b4e99e80
  SDWebImage: 16309af6d214ba3f77a7c6f6fdda888cb313a50a

PODFILE CHECKSUM: ca4f05625c1a81f7762639570a9435a2aed0983a

COCOAPODS: 1.16.2
