// !$*UTF8*$!
{
	archiveVersion = 1;
	classes = {
	};
	objectVersion = 46;
	objects = {

/* Begin PBXBuildFile section */
		607FACD61AFB9204008FA782 /* AppDelegate.swift in Sources */ = {isa = PBXBuildFile; fileRef = 607FACD51AFB9204008FA782 /* AppDelegate.swift */; };
		607FACDD1AFB9204008FA782 /* Images.xcassets in Resources */ = {isa = PBXBuildFile; fileRef = 607FACDC1AFB9204008FA782 /* Images.xcassets */; };
		607FACE01AFB9204008FA782 /* LaunchScreen.xib in Resources */ = {isa = PBXBuildFile; fileRef = 607FACDE1AFB9204008FA782 /* LaunchScreen.xib */; };
		879B2B6825D557BCDBA6374B /* Pods_JXPhotoBrowser_Example.framework in Frameworks */ = {isa = PBXBuildFile; fileRef = 41F931BB40CB27D81471F834 /* Pods_JXPhotoBrowser_Example.framework */; };
		94065A5E21843A110077377E /* CustomCell.swift in Sources */ = {isa = PBXBuildFile; fileRef = 94065A5D21843A110077377E /* CustomCell.swift */; };
		94065A602184429F0077377E /* CustomCellViewController.swift in Sources */ = {isa = PBXBuildFile; fileRef = 94065A5F2184429F0077377E /* CustomCellViewController.swift */; };
		94065A62218489D90077377E /* CustomDelegate.swift in Sources */ = {isa = PBXBuildFile; fileRef = 94065A61218489D90077377E /* CustomDelegate.swift */; };
		943450872173A1CB00D74F7E /* RawImageViewController.swift in Sources */ = {isa = PBXBuildFile; fileRef = 943450862173A1CB00D74F7E /* RawImageViewController.swift */; };
		94458A522175D4EB00D673A4 /* LocalDefaultPageControlViewController.swift in Sources */ = {isa = PBXBuildFile; fileRef = 94458A512175D4EB00D673A4 /* LocalDefaultPageControlViewController.swift */; };
		94458A542175D61A00D673A4 /* LocalNumberControlViewController.swift in Sources */ = {isa = PBXBuildFile; fileRef = 94458A532175D61A00D673A4 /* LocalNumberControlViewController.swift */; };
		94458A562175D6E800D673A4 /* ZoomViewController.swift in Sources */ = {isa = PBXBuildFile; fileRef = 94458A552175D6E800D673A4 /* ZoomViewController.swift */; };
		94458A582175D7FD00D673A4 /* ZoomFrameViewController.swift in Sources */ = {isa = PBXBuildFile; fileRef = 94458A572175D7FD00D673A4 /* ZoomFrameViewController.swift */; };
		94458A5C217608A600D673A4 /* GIFImageViewController.swift in Sources */ = {isa = PBXBuildFile; fileRef = 94458A5B217608A600D673A4 /* GIFImageViewController.swift */; };
		94458A5E217624D100D673A4 /* WebpImageViewController.swift in Sources */ = {isa = PBXBuildFile; fileRef = 94458A5D217624D100D673A4 /* WebpImageViewController.swift */; };
		94623EDA21AFCB0B001D5EB0 /* CHANGELOG.md in Resources */ = {isa = PBXBuildFile; fileRef = 94623ED921AFCB0B001D5EB0 /* CHANGELOG.md */; };
		94B2892921731F220004CAC7 /* ResourceModel.swift in Sources */ = {isa = PBXBuildFile; fileRef = 94B2892421731F220004CAC7 /* ResourceModel.swift */; };
		94B2892A21731F220004CAC7 /* BaseCollectionViewCell.swift in Sources */ = {isa = PBXBuildFile; fileRef = 94B2892521731F220004CAC7 /* BaseCollectionViewCell.swift */; };
		94B2892B21731F220004CAC7 /* LocalImageViewController.swift in Sources */ = {isa = PBXBuildFile; fileRef = 94B2892621731F220004CAC7 /* LocalImageViewController.swift */; };
		94B2892C21731F220004CAC7 /* BaseCollectionViewController.swift in Sources */ = {isa = PBXBuildFile; fileRef = 94B2892721731F220004CAC7 /* BaseCollectionViewController.swift */; };
		94B2892D21731F220004CAC7 /* HomeViewController.swift in Sources */ = {isa = PBXBuildFile; fileRef = 94B2892821731F220004CAC7 /* HomeViewController.swift */; };
		94B2894321734FBC0004CAC7 /* LongPressedViewController.swift in Sources */ = {isa = PBXBuildFile; fileRef = 94B2894221734FBC0004CAC7 /* LongPressedViewController.swift */; };
		94B28955217384960004CAC7 /* NetworkingImageViewController.swift in Sources */ = {isa = PBXBuildFile; fileRef = 94B28954217384960004CAC7 /* NetworkingImageViewController.swift */; };
		94B28958217387E90004CAC7 /* Photos.plist in Resources */ = {isa = PBXBuildFile; fileRef = 94B28957217387E90004CAC7 /* Photos.plist */; };
/* End PBXBuildFile section */

/* Begin PBXFileReference section */
		145589D88D354E1C088E6BD8 /* Pods_JXPhotoBrowser_Tests.framework */ = {isa = PBXFileReference; explicitFileType = wrapper.framework; includeInIndex = 0; path = Pods_JXPhotoBrowser_Tests.framework; sourceTree = BUILT_PRODUCTS_DIR; };
		161A2720DBE9B345B561ACB6 /* Pods-JXPhotoBrowser_Tests.debug.xcconfig */ = {isa = PBXFileReference; includeInIndex = 1; lastKnownFileType = text.xcconfig; name = "Pods-JXPhotoBrowser_Tests.debug.xcconfig"; path = "Pods/Target Support Files/Pods-JXPhotoBrowser_Tests/Pods-JXPhotoBrowser_Tests.debug.xcconfig"; sourceTree = "<group>"; };
		41F931BB40CB27D81471F834 /* Pods_JXPhotoBrowser_Example.framework */ = {isa = PBXFileReference; explicitFileType = wrapper.framework; includeInIndex = 0; path = Pods_JXPhotoBrowser_Example.framework; sourceTree = BUILT_PRODUCTS_DIR; };
		5816A5604882A6E330772A08 /* LICENSE */ = {isa = PBXFileReference; includeInIndex = 1; lastKnownFileType = text; name = LICENSE; path = ../LICENSE; sourceTree = "<group>"; };
		5FF58E3D78D667995475B5D4 /* Pods-JXPhotoBrowser_Example.debug.xcconfig */ = {isa = PBXFileReference; includeInIndex = 1; lastKnownFileType = text.xcconfig; name = "Pods-JXPhotoBrowser_Example.debug.xcconfig"; path = "Pods/Target Support Files/Pods-JXPhotoBrowser_Example/Pods-JXPhotoBrowser_Example.debug.xcconfig"; sourceTree = "<group>"; };
		607FACD01AFB9204008FA782 /* JXPhotoBrowser_Example.app */ = {isa = PBXFileReference; explicitFileType = wrapper.application; includeInIndex = 0; path = JXPhotoBrowser_Example.app; sourceTree = BUILT_PRODUCTS_DIR; };
		607FACD41AFB9204008FA782 /* Info.plist */ = {isa = PBXFileReference; lastKnownFileType = text.plist.xml; path = Info.plist; sourceTree = "<group>"; };
		607FACD51AFB9204008FA782 /* AppDelegate.swift */ = {isa = PBXFileReference; lastKnownFileType = sourcecode.swift; path = AppDelegate.swift; sourceTree = "<group>"; };
		607FACDC1AFB9204008FA782 /* Images.xcassets */ = {isa = PBXFileReference; lastKnownFileType = folder.assetcatalog; path = Images.xcassets; sourceTree = "<group>"; };
		607FACDF1AFB9204008FA782 /* Base */ = {isa = PBXFileReference; lastKnownFileType = file.xib; name = Base; path = Base.lproj/LaunchScreen.xib; sourceTree = "<group>"; };
		825413BD860D8A81D66B2E8C /* Pods-JXPhotoBrowser_Example.release.xcconfig */ = {isa = PBXFileReference; includeInIndex = 1; lastKnownFileType = text.xcconfig; name = "Pods-JXPhotoBrowser_Example.release.xcconfig"; path = "Pods/Target Support Files/Pods-JXPhotoBrowser_Example/Pods-JXPhotoBrowser_Example.release.xcconfig"; sourceTree = "<group>"; };
		85A4FD5B446D868C04C386EF /* README.md */ = {isa = PBXFileReference; includeInIndex = 1; lastKnownFileType = net.daringfireball.markdown; name = README.md; path = ../README.md; sourceTree = "<group>"; };
		94065A5D21843A110077377E /* CustomCell.swift */ = {isa = PBXFileReference; lastKnownFileType = sourcecode.swift; path = CustomCell.swift; sourceTree = "<group>"; };
		94065A5F2184429F0077377E /* CustomCellViewController.swift */ = {isa = PBXFileReference; lastKnownFileType = sourcecode.swift; path = CustomCellViewController.swift; sourceTree = "<group>"; };
		94065A61218489D90077377E /* CustomDelegate.swift */ = {isa = PBXFileReference; lastKnownFileType = sourcecode.swift; path = CustomDelegate.swift; sourceTree = "<group>"; };
		943450862173A1CB00D74F7E /* RawImageViewController.swift */ = {isa = PBXFileReference; lastKnownFileType = sourcecode.swift; path = RawImageViewController.swift; sourceTree = "<group>"; };
		94458A512175D4EB00D673A4 /* LocalDefaultPageControlViewController.swift */ = {isa = PBXFileReference; lastKnownFileType = sourcecode.swift; path = LocalDefaultPageControlViewController.swift; sourceTree = "<group>"; };
		94458A532175D61A00D673A4 /* LocalNumberControlViewController.swift */ = {isa = PBXFileReference; lastKnownFileType = sourcecode.swift; path = LocalNumberControlViewController.swift; sourceTree = "<group>"; };
		94458A552175D6E800D673A4 /* ZoomViewController.swift */ = {isa = PBXFileReference; lastKnownFileType = sourcecode.swift; path = ZoomViewController.swift; sourceTree = "<group>"; };
		94458A572175D7FD00D673A4 /* ZoomFrameViewController.swift */ = {isa = PBXFileReference; lastKnownFileType = sourcecode.swift; path = ZoomFrameViewController.swift; sourceTree = "<group>"; };
		94458A5B217608A600D673A4 /* GIFImageViewController.swift */ = {isa = PBXFileReference; lastKnownFileType = sourcecode.swift; path = GIFImageViewController.swift; sourceTree = "<group>"; };
		94458A5D217624D100D673A4 /* WebpImageViewController.swift */ = {isa = PBXFileReference; lastKnownFileType = sourcecode.swift; path = WebpImageViewController.swift; sourceTree = "<group>"; };
		94623ED921AFCB0B001D5EB0 /* CHANGELOG.md */ = {isa = PBXFileReference; fileEncoding = 4; lastKnownFileType = net.daringfireball.markdown; name = CHANGELOG.md; path = ../CHANGELOG.md; sourceTree = "<group>"; };
		94B2892421731F220004CAC7 /* ResourceModel.swift */ = {isa = PBXFileReference; fileEncoding = 4; lastKnownFileType = sourcecode.swift; path = ResourceModel.swift; sourceTree = "<group>"; };
		94B2892521731F220004CAC7 /* BaseCollectionViewCell.swift */ = {isa = PBXFileReference; fileEncoding = 4; lastKnownFileType = sourcecode.swift; path = BaseCollectionViewCell.swift; sourceTree = "<group>"; };
		94B2892621731F220004CAC7 /* LocalImageViewController.swift */ = {isa = PBXFileReference; fileEncoding = 4; lastKnownFileType = sourcecode.swift; path = LocalImageViewController.swift; sourceTree = "<group>"; };
		94B2892721731F220004CAC7 /* BaseCollectionViewController.swift */ = {isa = PBXFileReference; fileEncoding = 4; lastKnownFileType = sourcecode.swift; path = BaseCollectionViewController.swift; sourceTree = "<group>"; };
		94B2892821731F220004CAC7 /* HomeViewController.swift */ = {isa = PBXFileReference; fileEncoding = 4; lastKnownFileType = sourcecode.swift; path = HomeViewController.swift; sourceTree = "<group>"; };
		94B2894221734FBC0004CAC7 /* LongPressedViewController.swift */ = {isa = PBXFileReference; lastKnownFileType = sourcecode.swift; path = LongPressedViewController.swift; sourceTree = "<group>"; };
		94B28954217384960004CAC7 /* NetworkingImageViewController.swift */ = {isa = PBXFileReference; lastKnownFileType = sourcecode.swift; path = NetworkingImageViewController.swift; sourceTree = "<group>"; };
		94B28957217387E90004CAC7 /* Photos.plist */ = {isa = PBXFileReference; lastKnownFileType = text.plist.xml; path = Photos.plist; sourceTree = "<group>"; };
		BA3915EE6D7877DE993671DC /* Pods-JXPhotoBrowser_Tests.release.xcconfig */ = {isa = PBXFileReference; includeInIndex = 1; lastKnownFileType = text.xcconfig; name = "Pods-JXPhotoBrowser_Tests.release.xcconfig"; path = "Pods/Target Support Files/Pods-JXPhotoBrowser_Tests/Pods-JXPhotoBrowser_Tests.release.xcconfig"; sourceTree = "<group>"; };
		C0774FC1B291D40E4F0C4FA0 /* JXPhotoBrowser.podspec */ = {isa = PBXFileReference; includeInIndex = 1; lastKnownFileType = text; name = JXPhotoBrowser.podspec; path = ../JXPhotoBrowser.podspec; sourceTree = "<group>"; xcLanguageSpecificationIdentifier = xcode.lang.ruby; };
		E39BF295227346BF00588A38 /* ar */ = {isa = PBXFileReference; lastKnownFileType = text.plist.strings; name = ar; path = ar.lproj/LaunchScreen.strings; sourceTree = "<group>"; };
/* End PBXFileReference section */

/* Begin PBXFrameworksBuildPhase section */
		607FACCD1AFB9204008FA782 /* Frameworks */ = {
			isa = PBXFrameworksBuildPhase;
			buildActionMask = 2147483647;
			files = (
				879B2B6825D557BCDBA6374B /* Pods_JXPhotoBrowser_Example.framework in Frameworks */,
			);
			runOnlyForDeploymentPostprocessing = 0;
		};
/* End PBXFrameworksBuildPhase section */

/* Begin PBXGroup section */
		1DD41A6437E99B2A86F29F8E /* Frameworks */ = {
			isa = PBXGroup;
			children = (
				41F931BB40CB27D81471F834 /* Pods_JXPhotoBrowser_Example.framework */,
				145589D88D354E1C088E6BD8 /* Pods_JXPhotoBrowser_Tests.framework */,
			);
			name = Frameworks;
			sourceTree = "<group>";
		};
		607FACC71AFB9204008FA782 = {
			isa = PBXGroup;
			children = (
				607FACF51AFB993E008FA782 /* Podspec Metadata */,
				607FACD21AFB9204008FA782 /* Example for JXPhotoBrowser */,
				607FACD11AFB9204008FA782 /* Products */,
				F98E3923A4DB3E628323F369 /* Pods */,
				1DD41A6437E99B2A86F29F8E /* Frameworks */,
			);
			sourceTree = "<group>";
		};
		607FACD11AFB9204008FA782 /* Products */ = {
			isa = PBXGroup;
			children = (
				607FACD01AFB9204008FA782 /* JXPhotoBrowser_Example.app */,
			);
			name = Products;
			sourceTree = "<group>";
		};
		607FACD21AFB9204008FA782 /* Example for JXPhotoBrowser */ = {
			isa = PBXGroup;
			children = (
				607FACD51AFB9204008FA782 /* AppDelegate.swift */,
				94B2892821731F220004CAC7 /* HomeViewController.swift */,
				94B2892521731F220004CAC7 /* BaseCollectionViewCell.swift */,
				94B2892721731F220004CAC7 /* BaseCollectionViewController.swift */,
				94B2892621731F220004CAC7 /* LocalImageViewController.swift */,
				94B2894221734FBC0004CAC7 /* LongPressedViewController.swift */,
				94458A512175D4EB00D673A4 /* LocalDefaultPageControlViewController.swift */,
				94458A532175D61A00D673A4 /* LocalNumberControlViewController.swift */,
				94458A552175D6E800D673A4 /* ZoomViewController.swift */,
				94458A572175D7FD00D673A4 /* ZoomFrameViewController.swift */,
				94B28954217384960004CAC7 /* NetworkingImageViewController.swift */,
				943450862173A1CB00D74F7E /* RawImageViewController.swift */,
				94458A5B217608A600D673A4 /* GIFImageViewController.swift */,
				94458A5D217624D100D673A4 /* WebpImageViewController.swift */,
				94065A5F2184429F0077377E /* CustomCellViewController.swift */,
				94065A5D21843A110077377E /* CustomCell.swift */,
				94065A61218489D90077377E /* CustomDelegate.swift */,
				94B2892421731F220004CAC7 /* ResourceModel.swift */,
				607FACDC1AFB9204008FA782 /* Images.xcassets */,
				607FACDE1AFB9204008FA782 /* LaunchScreen.xib */,
				607FACD31AFB9204008FA782 /* Supporting Files */,
			);
			name = "Example for JXPhotoBrowser";
			path = JXPhotoBrowser;
			sourceTree = "<group>";
		};
		607FACD31AFB9204008FA782 /* Supporting Files */ = {
			isa = PBXGroup;
			children = (
				607FACD41AFB9204008FA782 /* Info.plist */,
				94B28957217387E90004CAC7 /* Photos.plist */,
			);
			name = "Supporting Files";
			sourceTree = "<group>";
		};
		607FACF51AFB993E008FA782 /* Podspec Metadata */ = {
			isa = PBXGroup;
			children = (
				C0774FC1B291D40E4F0C4FA0 /* JXPhotoBrowser.podspec */,
				85A4FD5B446D868C04C386EF /* README.md */,
				5816A5604882A6E330772A08 /* LICENSE */,
				94623ED921AFCB0B001D5EB0 /* CHANGELOG.md */,
			);
			name = "Podspec Metadata";
			sourceTree = "<group>";
		};
		F98E3923A4DB3E628323F369 /* Pods */ = {
			isa = PBXGroup;
			children = (
				5FF58E3D78D667995475B5D4 /* Pods-JXPhotoBrowser_Example.debug.xcconfig */,
				825413BD860D8A81D66B2E8C /* Pods-JXPhotoBrowser_Example.release.xcconfig */,
				161A2720DBE9B345B561ACB6 /* Pods-JXPhotoBrowser_Tests.debug.xcconfig */,
				BA3915EE6D7877DE993671DC /* Pods-JXPhotoBrowser_Tests.release.xcconfig */,
			);
			name = Pods;
			sourceTree = "<group>";
		};
/* End PBXGroup section */

/* Begin PBXNativeTarget section */
		607FACCF1AFB9204008FA782 /* JXPhotoBrowser_Example */ = {
			isa = PBXNativeTarget;
			buildConfigurationList = 607FACEF1AFB9204008FA782 /* Build configuration list for PBXNativeTarget "JXPhotoBrowser_Example" */;
			buildPhases = (
				13A1D8CC0B04170EF0A3F8C6 /* [CP] Check Pods Manifest.lock */,
				607FACCC1AFB9204008FA782 /* Sources */,
				607FACCD1AFB9204008FA782 /* Frameworks */,
				607FACCE1AFB9204008FA782 /* Resources */,
				E467F5E035EA53F2784D57D8 /* [CP] Embed Pods Frameworks */,
			);
			buildRules = (
			);
			dependencies = (
			);
			name = JXPhotoBrowser_Example;
			productName = JXPhotoBrowser;
			productReference = 607FACD01AFB9204008FA782 /* JXPhotoBrowser_Example.app */;
			productType = "com.apple.product-type.application";
		};
/* End PBXNativeTarget section */

/* Begin PBXProject section */
		607FACC81AFB9204008FA782 /* Project object */ = {
			isa = PBXProject;
			attributes = {
				LastSwiftUpdateCheck = 0830;
				LastUpgradeCheck = 1110;
				ORGANIZATIONNAME = CocoaPods;
				TargetAttributes = {
					607FACCF1AFB9204008FA782 = {
						CreatedOnToolsVersion = 6.3.1;
						DevelopmentTeam = 4Z74PJAKUM;
						LastSwiftMigration = 1110;
						ProvisioningStyle = Automatic;
					};
				};
			};
			buildConfigurationList = 607FACCB1AFB9204008FA782 /* Build configuration list for PBXProject "JXPhotoBrowser" */;
			compatibilityVersion = "Xcode 3.2";
			developmentRegion = en;
			hasScannedForEncodings = 0;
			knownRegions = (
				en,
				Base,
				ar,
			);
			mainGroup = 607FACC71AFB9204008FA782;
			productRefGroup = 607FACD11AFB9204008FA782 /* Products */;
			projectDirPath = "";
			projectRoot = "";
			targets = (
				607FACCF1AFB9204008FA782 /* JXPhotoBrowser_Example */,
			);
		};
/* End PBXProject section */

/* Begin PBXResourcesBuildPhase section */
		607FACCE1AFB9204008FA782 /* Resources */ = {
			isa = PBXResourcesBuildPhase;
			buildActionMask = 2147483647;
			files = (
				94B28958217387E90004CAC7 /* Photos.plist in Resources */,
				607FACE01AFB9204008FA782 /* LaunchScreen.xib in Resources */,
				607FACDD1AFB9204008FA782 /* Images.xcassets in Resources */,
				94623EDA21AFCB0B001D5EB0 /* CHANGELOG.md in Resources */,
			);
			runOnlyForDeploymentPostprocessing = 0;
		};
/* End PBXResourcesBuildPhase section */

/* Begin PBXShellScriptBuildPhase section */
		13A1D8CC0B04170EF0A3F8C6 /* [CP] Check Pods Manifest.lock */ = {
			isa = PBXShellScriptBuildPhase;
			buildActionMask = 2147483647;
			files = (
			);
			inputPaths = (
				"${PODS_PODFILE_DIR_PATH}/Podfile.lock",
				"${PODS_ROOT}/Manifest.lock",
			);
			name = "[CP] Check Pods Manifest.lock";
			outputPaths = (
				"$(DERIVED_FILE_DIR)/Pods-JXPhotoBrowser_Example-checkManifestLockResult.txt",
			);
			runOnlyForDeploymentPostprocessing = 0;
			shellPath = /bin/sh;
			shellScript = "diff \"${PODS_PODFILE_DIR_PATH}/Podfile.lock\" \"${PODS_ROOT}/Manifest.lock\" > /dev/null\nif [ $? != 0 ] ; then\n    # print error to STDERR\n    echo \"error: The sandbox is not in sync with the Podfile.lock. Run 'pod install' or update your CocoaPods installation.\" >&2\n    exit 1\nfi\n# This output is used by Xcode 'outputs' to avoid re-running this script phase.\necho \"SUCCESS\" > \"${SCRIPT_OUTPUT_FILE_0}\"\n";
			showEnvVarsInLog = 0;
		};
		E467F5E035EA53F2784D57D8 /* [CP] Embed Pods Frameworks */ = {
			isa = PBXShellScriptBuildPhase;
			buildActionMask = 2147483647;
			files = (
			);
			inputPaths = (
				"${PODS_ROOT}/Target Support Files/Pods-JXPhotoBrowser_Example/Pods-JXPhotoBrowser_Example-frameworks.sh",
				"${BUILT_PRODUCTS_DIR}/JXPhotoBrowser/JXPhotoBrowser.framework",
				"${BUILT_PRODUCTS_DIR}/Kingfisher/Kingfisher.framework",
				"${BUILT_PRODUCTS_DIR}/KingfisherWebP/KingfisherWebP.framework",
				"${BUILT_PRODUCTS_DIR}/libwebp/libwebp.framework",
			);
			name = "[CP] Embed Pods Frameworks";
			outputPaths = (
				"${TARGET_BUILD_DIR}/${FRAMEWORKS_FOLDER_PATH}/JXPhotoBrowser.framework",
				"${TARGET_BUILD_DIR}/${FRAMEWORKS_FOLDER_PATH}/Kingfisher.framework",
				"${TARGET_BUILD_DIR}/${FRAMEWORKS_FOLDER_PATH}/KingfisherWebP.framework",
				"${TARGET_BUILD_DIR}/${FRAMEWORKS_FOLDER_PATH}/libwebp.framework",
			);
			runOnlyForDeploymentPostprocessing = 0;
			shellPath = /bin/sh;
			shellScript = "\"${PODS_ROOT}/Target Support Files/Pods-JXPhotoBrowser_Example/Pods-JXPhotoBrowser_Example-frameworks.sh\"\n";
			showEnvVarsInLog = 0;
		};
/* End PBXShellScriptBuildPhase section */

/* Begin PBXSourcesBuildPhase section */
		607FACCC1AFB9204008FA782 /* Sources */ = {
			isa = PBXSourcesBuildPhase;
			buildActionMask = 2147483647;
			files = (
				94B28955217384960004CAC7 /* NetworkingImageViewController.swift in Sources */,
				94458A5C217608A600D673A4 /* GIFImageViewController.swift in Sources */,
				94458A522175D4EB00D673A4 /* LocalDefaultPageControlViewController.swift in Sources */,
				94458A542175D61A00D673A4 /* LocalNumberControlViewController.swift in Sources */,
				94458A5E217624D100D673A4 /* WebpImageViewController.swift in Sources */,
				94065A602184429F0077377E /* CustomCellViewController.swift in Sources */,
				607FACD61AFB9204008FA782 /* AppDelegate.swift in Sources */,
				94065A5E21843A110077377E /* CustomCell.swift in Sources */,
				94B2892921731F220004CAC7 /* ResourceModel.swift in Sources */,
				94B2892B21731F220004CAC7 /* LocalImageViewController.swift in Sources */,
				94B2892A21731F220004CAC7 /* BaseCollectionViewCell.swift in Sources */,
				94458A562175D6E800D673A4 /* ZoomViewController.swift in Sources */,
				94B2892C21731F220004CAC7 /* BaseCollectionViewController.swift in Sources */,
				943450872173A1CB00D74F7E /* RawImageViewController.swift in Sources */,
				94B2894321734FBC0004CAC7 /* LongPressedViewController.swift in Sources */,
				94B2892D21731F220004CAC7 /* HomeViewController.swift in Sources */,
				94458A582175D7FD00D673A4 /* ZoomFrameViewController.swift in Sources */,
				94065A62218489D90077377E /* CustomDelegate.swift in Sources */,
			);
			runOnlyForDeploymentPostprocessing = 0;
		};
/* End PBXSourcesBuildPhase section */

/* Begin PBXVariantGroup section */
		607FACDE1AFB9204008FA782 /* LaunchScreen.xib */ = {
			isa = PBXVariantGroup;
			children = (
				607FACDF1AFB9204008FA782 /* Base */,
				E39BF295227346BF00588A38 /* ar */,
			);
			name = LaunchScreen.xib;
			sourceTree = "<group>";
		};
/* End PBXVariantGroup section */

/* Begin XCBuildConfiguration section */
		607FACED1AFB9204008FA782 /* Debug */ = {
			isa = XCBuildConfiguration;
			buildSettings = {
				ALWAYS_SEARCH_USER_PATHS = NO;
				CLANG_ANALYZER_LOCALIZABILITY_NONLOCALIZED = YES;
				CLANG_CXX_LANGUAGE_STANDARD = "gnu++0x";
				CLANG_CXX_LIBRARY = "libc++";
				CLANG_ENABLE_MODULES = YES;
				CLANG_ENABLE_OBJC_ARC = YES;
				CLANG_WARN_BLOCK_CAPTURE_AUTORELEASING = YES;
				CLANG_WARN_BOOL_CONVERSION = YES;
				CLANG_WARN_COMMA = YES;
				CLANG_WARN_CONSTANT_CONVERSION = YES;
				CLANG_WARN_DEPRECATED_OBJC_IMPLEMENTATIONS = YES;
				CLANG_WARN_DIRECT_OBJC_ISA_USAGE = YES_ERROR;
				CLANG_WARN_EMPTY_BODY = YES;
				CLANG_WARN_ENUM_CONVERSION = YES;
				CLANG_WARN_INFINITE_RECURSION = YES;
				CLANG_WARN_INT_CONVERSION = YES;
				CLANG_WARN_NON_LITERAL_NULL_CONVERSION = YES;
				CLANG_WARN_OBJC_IMPLICIT_RETAIN_SELF = YES;
				CLANG_WARN_OBJC_LITERAL_CONVERSION = YES;
				CLANG_WARN_OBJC_ROOT_CLASS = YES_ERROR;
				CLANG_WARN_RANGE_LOOP_ANALYSIS = YES;
				CLANG_WARN_STRICT_PROTOTYPES = YES;
				CLANG_WARN_SUSPICIOUS_MOVE = YES;
				CLANG_WARN_UNREACHABLE_CODE = YES;
				CLANG_WARN__DUPLICATE_METHOD_MATCH = YES;
				"CODE_SIGN_IDENTITY[sdk=iphoneos*]" = "iPhone Developer";
				COPY_PHASE_STRIP = NO;
				DEBUG_INFORMATION_FORMAT = "dwarf-with-dsym";
				ENABLE_STRICT_OBJC_MSGSEND = YES;
				ENABLE_TESTABILITY = YES;
				GCC_C_LANGUAGE_STANDARD = gnu99;
				GCC_DYNAMIC_NO_PIC = NO;
				GCC_NO_COMMON_BLOCKS = YES;
				GCC_OPTIMIZATION_LEVEL = 0;
				GCC_PREPROCESSOR_DEFINITIONS = (
					"DEBUG=1",
					"$(inherited)",
				);
				GCC_SYMBOLS_PRIVATE_EXTERN = NO;
				GCC_WARN_64_TO_32_BIT_CONVERSION = YES;
				GCC_WARN_ABOUT_RETURN_TYPE = YES_ERROR;
				GCC_WARN_UNDECLARED_SELECTOR = YES;
				GCC_WARN_UNINITIALIZED_AUTOS = YES_AGGRESSIVE;
				GCC_WARN_UNUSED_FUNCTION = YES;
				GCC_WARN_UNUSED_VARIABLE = YES;
				IPHONEOS_DEPLOYMENT_TARGET = 9.0;
				MTL_ENABLE_DEBUG_INFO = YES;
				ONLY_ACTIVE_ARCH = YES;
				SDKROOT = iphoneos;
				SWIFT_OPTIMIZATION_LEVEL = "-Onone";
			};
			name = Debug;
		};
		607FACEE1AFB9204008FA782 /* Release */ = {
			isa = XCBuildConfiguration;
			buildSettings = {
				ALWAYS_SEARCH_USER_PATHS = NO;
				CLANG_ANALYZER_LOCALIZABILITY_NONLOCALIZED = YES;
				CLANG_CXX_LANGUAGE_STANDARD = "gnu++0x";
				CLANG_CXX_LIBRARY = "libc++";
				CLANG_ENABLE_MODULES = YES;
				CLANG_ENABLE_OBJC_ARC = YES;
				CLANG_WARN_BLOCK_CAPTURE_AUTORELEASING = YES;
				CLANG_WARN_BOOL_CONVERSION = YES;
				CLANG_WARN_COMMA = YES;
				CLANG_WARN_CONSTANT_CONVERSION = YES;
				CLANG_WARN_DEPRECATED_OBJC_IMPLEMENTATIONS = YES;
				CLANG_WARN_DIRECT_OBJC_ISA_USAGE = YES_ERROR;
				CLANG_WARN_EMPTY_BODY = YES;
				CLANG_WARN_ENUM_CONVERSION = YES;
				CLANG_WARN_INFINITE_RECURSION = YES;
				CLANG_WARN_INT_CONVERSION = YES;
				CLANG_WARN_NON_LITERAL_NULL_CONVERSION = YES;
				CLANG_WARN_OBJC_IMPLICIT_RETAIN_SELF = YES;
				CLANG_WARN_OBJC_LITERAL_CONVERSION = YES;
				CLANG_WARN_OBJC_ROOT_CLASS = YES_ERROR;
				CLANG_WARN_RANGE_LOOP_ANALYSIS = YES;
				CLANG_WARN_STRICT_PROTOTYPES = YES;
				CLANG_WARN_SUSPICIOUS_MOVE = YES;
				CLANG_WARN_UNREACHABLE_CODE = YES;
				CLANG_WARN__DUPLICATE_METHOD_MATCH = YES;
				"CODE_SIGN_IDENTITY[sdk=iphoneos*]" = "iPhone Developer";
				COPY_PHASE_STRIP = NO;
				DEBUG_INFORMATION_FORMAT = "dwarf-with-dsym";
				ENABLE_NS_ASSERTIONS = NO;
				ENABLE_STRICT_OBJC_MSGSEND = YES;
				GCC_C_LANGUAGE_STANDARD = gnu99;
				GCC_NO_COMMON_BLOCKS = YES;
				GCC_WARN_64_TO_32_BIT_CONVERSION = YES;
				GCC_WARN_ABOUT_RETURN_TYPE = YES_ERROR;
				GCC_WARN_UNDECLARED_SELECTOR = YES;
				GCC_WARN_UNINITIALIZED_AUTOS = YES_AGGRESSIVE;
				GCC_WARN_UNUSED_FUNCTION = YES;
				GCC_WARN_UNUSED_VARIABLE = YES;
				IPHONEOS_DEPLOYMENT_TARGET = 9.0;
				MTL_ENABLE_DEBUG_INFO = NO;
				SDKROOT = iphoneos;
				SWIFT_OPTIMIZATION_LEVEL = "-Owholemodule";
				VALIDATE_PRODUCT = YES;
			};
			name = Release;
		};
		607FACF01AFB9204008FA782 /* Debug */ = {
			isa = XCBuildConfiguration;
			baseConfigurationReference = 5FF58E3D78D667995475B5D4 /* Pods-JXPhotoBrowser_Example.debug.xcconfig */;
			buildSettings = {
				ASSETCATALOG_COMPILER_APPICON_NAME = AppIcon;
				CODE_SIGN_IDENTITY = "iPhone Developer";
				CODE_SIGN_STYLE = Automatic;
				DEVELOPMENT_TEAM = 4Z74PJAKUM;
				INFOPLIST_FILE = JXPhotoBrowser/Info.plist;
				LD_RUNPATH_SEARCH_PATHS = "$(inherited) @executable_path/Frameworks";
				MODULE_NAME = ExampleApp;
				PRODUCT_BUNDLE_IDENTIFIER = com.iosdemo.JXPhotoBrowser;
				PRODUCT_NAME = "$(TARGET_NAME)";
				PROVISIONING_PROFILE_SPECIFIER = "";
				SWIFT_VERSION = 5.0;
			};
			name = Debug;
		};
		607FACF11AFB9204008FA782 /* Release */ = {
			isa = XCBuildConfiguration;
			baseConfigurationReference = 825413BD860D8A81D66B2E8C /* Pods-JXPhotoBrowser_Example.release.xcconfig */;
			buildSettings = {
				ASSETCATALOG_COMPILER_APPICON_NAME = AppIcon;
				CODE_SIGN_IDENTITY = "iPhone Developer";
				CODE_SIGN_STYLE = Automatic;
				DEVELOPMENT_TEAM = 4Z74PJAKUM;
				INFOPLIST_FILE = JXPhotoBrowser/Info.plist;
				LD_RUNPATH_SEARCH_PATHS = "$(inherited) @executable_path/Frameworks";
				MODULE_NAME = ExampleApp;
				PRODUCT_BUNDLE_IDENTIFIER = com.iosdemo.JXPhotoBrowser;
				PRODUCT_NAME = "$(TARGET_NAME)";
				PROVISIONING_PROFILE_SPECIFIER = "";
				SWIFT_VERSION = 5.0;
			};
			name = Release;
		};
/* End XCBuildConfiguration section */

/* Begin XCConfigurationList section */
		607FACCB1AFB9204008FA782 /* Build configuration list for PBXProject "JXPhotoBrowser" */ = {
			isa = XCConfigurationList;
			buildConfigurations = (
				607FACED1AFB9204008FA782 /* Debug */,
				607FACEE1AFB9204008FA782 /* Release */,
			);
			defaultConfigurationIsVisible = 0;
			defaultConfigurationName = Release;
		};
		607FACEF1AFB9204008FA782 /* Build configuration list for PBXNativeTarget "JXPhotoBrowser_Example" */ = {
			isa = XCConfigurationList;
			buildConfigurations = (
				607FACF01AFB9204008FA782 /* Debug */,
				607FACF11AFB9204008FA782 /* Release */,
			);
			defaultConfigurationIsVisible = 0;
			defaultConfigurationName = Release;
		};
/* End XCConfigurationList section */
	};
	rootObject = 607FACC81AFB9204008FA782 /* Project object */;
}
