{
  "object": {
    "pins": [
      {
        "package": "JXPhotoBrowser",
        "repositoryURL": "https://github.com/JiongXing/PhotoBrowser",
        "state": {
          "branch": null,
          "revision": "c7e0ef8559f304699c12bb4c0b668e3a43fe061d",
          "version": "3.0.5"
        }
      }
    ]
  },
  "version": 1
}
