{
  "originHash" : "cb270bcf9a3427d8e0aacfd329d6a5fec76dc007d3ad03f0bcf61bfce5a6d36f",
  "pins" : [
    {
      "identity" : "kingfisher",
      "kind" : "remoteSourceControl",
      "location" : "https://github.com/onevcat/Kingfisher.git",
      "state" : {
        "revision" : "8648fe649c5d62be38721110f835821906e9242a",
        "version" : "8.13.0"
      }
    }
  ],
  "version" : 3
}
