PODS:
  - JXPhotoBrowser (1.2.0):
    - Kingfisher
  - Kingfisher (4.8.0)

DEPENDENCIES:
  - JXPhotoBrowser (from `..`)

SPEC REPOS:
  https://github.com/cocoapods/specs.git:
    - Kingfisher

EXTERNAL SOURCES:
  JXPhotoBrowser:
    :path: ".."

SPEC CHECKSUMS:
  JXPhotoBrowser: d0c5fb7e72b8e2e441b22d92eb677c44d7fccc8f
  Kingfisher: 976d828df2b24834c6a3f2fc4d82cdbd26552be1

PODFILE CHECKSUM: a6845506d7b24dc13bc9c8842d754b19cea28ffd

COCOAPODS: 1.5.3
