PODS:
  - JXPhotoBrowser (0.3.7):
    - Kingfisher (~> 3.13.1)
  - Kingfisher (3.13.1)

DEPENDENCIES:
  - JXPhotoBrowser (from `..`)
  - Kingfisher (~> 3.13.1)

EXTERNAL SOURCES:
  JXPhotoBrowser:
    :path: ..

SPEC CHECKSUMS:
  JXPhotoBrowser: 013047b0b062dc68e9c6f1005b8bac5cc16c040c
  Kingfisher: ed9707a409cc47fddafbcd12a43a9757e3600af5

PODFILE CHECKSUM: 89a3b96b33bcb20c4d9b9aefbd526e7ba85869e1

COCOAPODS: 1.2.1
