PODS:
  - JXPhotoBrowser (4.0.1)
  - Kingfisher (6.3.1)

DEPENDENCIES:
  - JXPhotoBrowser (from `../`)
  - Kingfisher

SPEC REPOS:
  trunk:
    - Kingfisher

EXTERNAL SOURCES:
  JXPhotoBrowser:
    :path: "../"

SPEC CHECKSUMS:
  JXPhotoBrowser: 49b7df129162083fdde821e9617989e362a2d5d3
  Kingfisher: 016c8b653a35add51dd34a3aba36b580041acc74

PODFILE CHECKSUM: c37f8a2a20addfac1404840639e91f253cd7b0f5

COCOAPODS: 1.16.2
