PODS:
  - JXPhotoBrowser (4.2.0)
  - Kingfisher (8.13.0)

DEPENDENCIES:
  - JXPhotoBrowser (from `../`)
  - Kingfisher

SPEC REPOS:
  trunk:
    - Kingfisher

EXTERNAL SOURCES:
  JXPhotoBrowser:
    :path: "../"

SPEC CHECKSUMS:
  JXPhotoBrowser: 3041fe1aab313c86013d58d296228842c527a830
  Kingfisher: 260f690679115e70aac534e18cf1f3cd70814d5c

PODFILE CHECKSUM: d54213c415e1ad8f9d66ca574411c30b97daca03

COCOAPODS: 1.16.2
