PODS:
  - JXPhotoBrowser (4.1.0)
  - Kingfisher (6.3.1)

DEPENDENCIES:
  - JXPhotoBrowser (from `../`)
  - Kingfisher

SPEC REPOS:
  trunk:
    - Kingfisher

EXTERNAL SOURCES:
  JXPhotoBrowser:
    :path: "../"

SPEC CHECKSUMS:
  JXPhotoBrowser: d68c9353caa2ddd5b3fe4e961670dc38102af21d
  Kingfisher: 016c8b653a35add51dd34a3aba36b580041acc74

PODFILE CHECKSUM: 079b024a9b179d4dc12abddb1c45836b1d1cba52

COCOAPODS: 1.16.2
