// !$*UTF8*$!
{
	archiveVersion = 1;
	classes = {
	};
	objectVersion = 52;
	objects = {

/* Begin PBXBuildFile section */
		941E3D1A23AA3485000E2B8A /* JXPhotoBrowser in Frameworks */ = {isa = PBXBuildFile; productRef = 941E3D1923AA3485000E2B8A /* JXPhotoBrowser */; };
		94A6772523A9CB1B0060BB2A /* AppDelegate.swift in Sources */ = {isa = PBXBuildFile; fileRef = 94A6772423A9CB1B0060BB2A /* AppDelegate.swift */; };
		94A6772723A9CB1B0060BB2A /* SceneDelegate.swift in Sources */ = {isa = PBXBuildFile; fileRef = 94A6772623A9CB1B0060BB2A /* SceneDelegate.swift */; };
		94A6772923A9CB1B0060BB2A /* ViewController.swift in Sources */ = {isa = PBXBuildFile; fileRef = 94A6772823A9CB1B0060BB2A /* ViewController.swift */; };
		94A6772C23A9CB1B0060BB2A /* Main.storyboard in Resources */ = {isa = PBXBuildFile; fileRef = 94A6772A23A9CB1B0060BB2A /* Main.storyboard */; };
		94A6772E23A9CB1D0060BB2A /* Assets.xcassets in Resources */ = {isa = PBXBuildFile; fileRef = 94A6772D23A9CB1D0060BB2A /* Assets.xcassets */; };
		94A6773123A9CB1D0060BB2A /* LaunchScreen.storyboard in Resources */ = {isa = PBXBuildFile; fileRef = 94A6772F23A9CB1D0060BB2A /* LaunchScreen.storyboard */; };
/* End PBXBuildFile section */

/* Begin PBXFileReference section */
		94A6772123A9CB1B0060BB2A /* SwiftPMExample.app */ = {isa = PBXFileReference; explicitFileType = wrapper.application; includeInIndex = 0; path = SwiftPMExample.app; sourceTree = BUILT_PRODUCTS_DIR; };
		94A6772423A9CB1B0060BB2A /* AppDelegate.swift */ = {isa = PBXFileReference; lastKnownFileType = sourcecode.swift; path = AppDelegate.swift; sourceTree = "<group>"; };
		94A6772623A9CB1B0060BB2A /* SceneDelegate.swift */ = {isa = PBXFileReference; lastKnownFileType = sourcecode.swift; path = SceneDelegate.swift; sourceTree = "<group>"; };
		94A6772823A9CB1B0060BB2A /* ViewController.swift */ = {isa = PBXFileReference; lastKnownFileType = sourcecode.swift; path = ViewController.swift; sourceTree = "<group>"; };
		94A6772B23A9CB1B0060BB2A /* Base */ = {isa = PBXFileReference; lastKnownFileType = file.storyboard; name = Base; path = Base.lproj/Main.storyboard; sourceTree = "<group>"; };
		94A6772D23A9CB1D0060BB2A /* Assets.xcassets */ = {isa = PBXFileReference; lastKnownFileType = folder.assetcatalog; path = Assets.xcassets; sourceTree = "<group>"; };
		94A6773023A9CB1D0060BB2A /* Base */ = {isa = PBXFileReference; lastKnownFileType = file.storyboard; name = Base; path = Base.lproj/LaunchScreen.storyboard; sourceTree = "<group>"; };
		94A6773223A9CB1D0060BB2A /* Info.plist */ = {isa = PBXFileReference; lastKnownFileType = text.plist.xml; path = Info.plist; sourceTree = "<group>"; };
/* End PBXFileReference section */

/* Begin PBXFrameworksBuildPhase section */
		94A6771E23A9CB1B0060BB2A /* Frameworks */ = {
			isa = PBXFrameworksBuildPhase;
			buildActionMask = 2147483647;
			files = (
				941E3D1A23AA3485000E2B8A /* JXPhotoBrowser in Frameworks */,
			);
			runOnlyForDeploymentPostprocessing = 0;
		};
/* End PBXFrameworksBuildPhase section */

/* Begin PBXGroup section */
		94A6771823A9CB1B0060BB2A = {
			isa = PBXGroup;
			children = (
				94A6772323A9CB1B0060BB2A /* SwiftPMExample */,
				94A6772223A9CB1B0060BB2A /* Products */,
			);
			sourceTree = "<group>";
		};
		94A6772223A9CB1B0060BB2A /* Products */ = {
			isa = PBXGroup;
			children = (
				94A6772123A9CB1B0060BB2A /* SwiftPMExample.app */,
			);
			name = Products;
			sourceTree = "<group>";
		};
		94A6772323A9CB1B0060BB2A /* SwiftPMExample */ = {
			isa = PBXGroup;
			children = (
				94A6772423A9CB1B0060BB2A /* AppDelegate.swift */,
				94A6772623A9CB1B0060BB2A /* SceneDelegate.swift */,
				94A6772823A9CB1B0060BB2A /* ViewController.swift */,
				94A6772A23A9CB1B0060BB2A /* Main.storyboard */,
				94A6772D23A9CB1D0060BB2A /* Assets.xcassets */,
				94A6772F23A9CB1D0060BB2A /* LaunchScreen.storyboard */,
				94A6773223A9CB1D0060BB2A /* Info.plist */,
			);
			path = SwiftPMExample;
			sourceTree = "<group>";
		};
/* End PBXGroup section */

/* Begin PBXNativeTarget section */
		94A6772023A9CB1B0060BB2A /* SwiftPMExample */ = {
			isa = PBXNativeTarget;
			buildConfigurationList = 94A6773523A9CB1D0060BB2A /* Build configuration list for PBXNativeTarget "SwiftPMExample" */;
			buildPhases = (
				94A6771D23A9CB1B0060BB2A /* Sources */,
				94A6771E23A9CB1B0060BB2A /* Frameworks */,
				94A6771F23A9CB1B0060BB2A /* Resources */,
			);
			buildRules = (
			);
			dependencies = (
			);
			name = SwiftPMExample;
			packageProductDependencies = (
				941E3D1923AA3485000E2B8A /* JXPhotoBrowser */,
			);
			productName = SwiftPMExample;
			productReference = 94A6772123A9CB1B0060BB2A /* SwiftPMExample.app */;
			productType = "com.apple.product-type.application";
		};
/* End PBXNativeTarget section */

/* Begin PBXProject section */
		94A6771923A9CB1B0060BB2A /* Project object */ = {
			isa = PBXProject;
			attributes = {
				LastSwiftUpdateCheck = 1110;
				LastUpgradeCheck = 1110;
				ORGANIZATIONNAME = JiongXing;
				TargetAttributes = {
					94A6772023A9CB1B0060BB2A = {
						CreatedOnToolsVersion = 11.1;
					};
				};
			};
			buildConfigurationList = 94A6771C23A9CB1B0060BB2A /* Build configuration list for PBXProject "SwiftPMExample" */;
			compatibilityVersion = "Xcode 9.3";
			developmentRegion = en;
			hasScannedForEncodings = 0;
			knownRegions = (
				en,
				Base,
			);
			mainGroup = 94A6771823A9CB1B0060BB2A;
			packageReferences = (
				941E3D1823AA3485000E2B8A /* XCRemoteSwiftPackageReference "PhotoBrowser" */,
			);
			productRefGroup = 94A6772223A9CB1B0060BB2A /* Products */;
			projectDirPath = "";
			projectRoot = "";
			targets = (
				94A6772023A9CB1B0060BB2A /* SwiftPMExample */,
			);
		};
/* End PBXProject section */

/* Begin PBXResourcesBuildPhase section */
		94A6771F23A9CB1B0060BB2A /* Resources */ = {
			isa = PBXResourcesBuildPhase;
			buildActionMask = 2147483647;
			files = (
				94A6773123A9CB1D0060BB2A /* LaunchScreen.storyboard in Resources */,
				94A6772E23A9CB1D0060BB2A /* Assets.xcassets in Resources */,
				94A6772C23A9CB1B0060BB2A /* Main.storyboard in Resources */,
			);
			runOnlyForDeploymentPostprocessing = 0;
		};
/* End PBXResourcesBuildPhase section */

/* Begin PBXSourcesBuildPhase section */
		94A6771D23A9CB1B0060BB2A /* Sources */ = {
			isa = PBXSourcesBuildPhase;
			buildActionMask = 2147483647;
			files = (
				94A6772923A9CB1B0060BB2A /* ViewController.swift in Sources */,
				94A6772523A9CB1B0060BB2A /* AppDelegate.swift in Sources */,
				94A6772723A9CB1B0060BB2A /* SceneDelegate.swift in Sources */,
			);
			runOnlyForDeploymentPostprocessing = 0;
		};
/* End PBXSourcesBuildPhase section */

/* Begin PBXVariantGroup section */
		94A6772A23A9CB1B0060BB2A /* Main.storyboard */ = {
			isa = PBXVariantGroup;
			children = (
				94A6772B23A9CB1B0060BB2A /* Base */,
			);
			name = Main.storyboard;
			sourceTree = "<group>";
		};
		94A6772F23A9CB1D0060BB2A /* LaunchScreen.storyboard */ = {
			isa = PBXVariantGroup;
			children = (
				94A6773023A9CB1D0060BB2A /* Base */,
			);
			name = LaunchScreen.storyboard;
			sourceTree = "<group>";
		};
/* End PBXVariantGroup section */

/* Begin XCBuildConfiguration section */
		94A6773323A9CB1D0060BB2A /* Debug */ = {
			isa = XCBuildConfiguration;
			buildSettings = {
				ALWAYS_SEARCH_USER_PATHS = NO;
				CLANG_ANALYZER_NONNULL = YES;
				CLANG_ANALYZER_NUMBER_OBJECT_CONVERSION = YES_AGGRESSIVE;
				CLANG_CXX_LANGUAGE_STANDARD = "gnu++14";
				CLANG_CXX_LIBRARY = "libc++";
				CLANG_ENABLE_MODULES = YES;
				CLANG_ENABLE_OBJC_ARC = YES;
				CLANG_ENABLE_OBJC_WEAK = YES;
				CLANG_WARN_BLOCK_CAPTURE_AUTORELEASING = YES;
				CLANG_WARN_BOOL_CONVERSION = YES;
				CLANG_WARN_COMMA = YES;
				CLANG_WARN_CONSTANT_CONVERSION = YES;
				CLANG_WARN_DEPRECATED_OBJC_IMPLEMENTATIONS = YES;
				CLANG_WARN_DIRECT_OBJC_ISA_USAGE = YES_ERROR;
				CLANG_WARN_DOCUMENTATION_COMMENTS = YES;
				CLANG_WARN_EMPTY_BODY = YES;
				CLANG_WARN_ENUM_CONVERSION = YES;
				CLANG_WARN_INFINITE_RECURSION = YES;
				CLANG_WARN_INT_CONVERSION = YES;
				CLANG_WARN_NON_LITERAL_NULL_CONVERSION = YES;
				CLANG_WARN_OBJC_IMPLICIT_RETAIN_SELF = YES;
				CLANG_WARN_OBJC_LITERAL_CONVERSION = YES;
				CLANG_WARN_OBJC_ROOT_CLASS = YES_ERROR;
				CLANG_WARN_RANGE_LOOP_ANALYSIS = YES;
				CLANG_WARN_STRICT_PROTOTYPES = YES;
				CLANG_WARN_SUSPICIOUS_MOVE = YES;
				CLANG_WARN_UNGUARDED_AVAILABILITY = YES_AGGRESSIVE;
				CLANG_WARN_UNREACHABLE_CODE = YES;
				CLANG_WARN__DUPLICATE_METHOD_MATCH = YES;
				COPY_PHASE_STRIP = NO;
				DEBUG_INFORMATION_FORMAT = dwarf;
				ENABLE_STRICT_OBJC_MSGSEND = YES;
				ENABLE_TESTABILITY = YES;
				GCC_C_LANGUAGE_STANDARD = gnu11;
				GCC_DYNAMIC_NO_PIC = NO;
				GCC_NO_COMMON_BLOCKS = YES;
				GCC_OPTIMIZATION_LEVEL = 0;
				GCC_PREPROCESSOR_DEFINITIONS = (
					"DEBUG=1",
					"$(inherited)",
				);
				GCC_WARN_64_TO_32_BIT_CONVERSION = YES;
				GCC_WARN_ABOUT_RETURN_TYPE = YES_ERROR;
				GCC_WARN_UNDECLARED_SELECTOR = YES;
				GCC_WARN_UNINITIALIZED_AUTOS = YES_AGGRESSIVE;
				GCC_WARN_UNUSED_FUNCTION = YES;
				GCC_WARN_UNUSED_VARIABLE = YES;
				IPHONEOS_DEPLOYMENT_TARGET = 13.1;
				MTL_ENABLE_DEBUG_INFO = INCLUDE_SOURCE;
				MTL_FAST_MATH = YES;
				ONLY_ACTIVE_ARCH = YES;
				SDKROOT = iphoneos;
				SWIFT_ACTIVE_COMPILATION_CONDITIONS = DEBUG;
				SWIFT_OPTIMIZATION_LEVEL = "-Onone";
			};
			name = Debug;
		};
		94A6773423A9CB1D0060BB2A /* Release */ = {
			isa = XCBuildConfiguration;
			buildSettings = {
				ALWAYS_SEARCH_USER_PATHS = NO;
				CLANG_ANALYZER_NONNULL = YES;
				CLANG_ANALYZER_NUMBER_OBJECT_CONVERSION = YES_AGGRESSIVE;
				CLANG_CXX_LANGUAGE_STANDARD = "gnu++14";
				CLANG_CXX_LIBRARY = "libc++";
				CLANG_ENABLE_MODULES = YES;
				CLANG_ENABLE_OBJC_ARC = YES;
				CLANG_ENABLE_OBJC_WEAK = YES;
				CLANG_WARN_BLOCK_CAPTURE_AUTORELEASING = YES;
				CLANG_WARN_BOOL_CONVERSION = YES;
				CLANG_WARN_COMMA = YES;
				CLANG_WARN_CONSTANT_CONVERSION = YES;
				CLANG_WARN_DEPRECATED_OBJC_IMPLEMENTATIONS = YES;
				CLANG_WARN_DIRECT_OBJC_ISA_USAGE = YES_ERROR;
				CLANG_WARN_DOCUMENTATION_COMMENTS = YES;
				CLANG_WARN_EMPTY_BODY = YES;
				CLANG_WARN_ENUM_CONVERSION = YES;
				CLANG_WARN_INFINITE_RECURSION = YES;
				CLANG_WARN_INT_CONVERSION = YES;
				CLANG_WARN_NON_LITERAL_NULL_CONVERSION = YES;
				CLANG_WARN_OBJC_IMPLICIT_RETAIN_SELF = YES;
				CLANG_WARN_OBJC_LITERAL_CONVERSION = YES;
				CLANG_WARN_OBJC_ROOT_CLASS = YES_ERROR;
				CLANG_WARN_RANGE_LOOP_ANALYSIS = YES;
				CLANG_WARN_STRICT_PROTOTYPES = YES;
				CLANG_WARN_SUSPICIOUS_MOVE = YES;
				CLANG_WARN_UNGUARDED_AVAILABILITY = YES_AGGRESSIVE;
				CLANG_WARN_UNREACHABLE_CODE = YES;
				CLANG_WARN__DUPLICATE_METHOD_MATCH = YES;
				COPY_PHASE_STRIP = NO;
				DEBUG_INFORMATION_FORMAT = "dwarf-with-dsym";
				ENABLE_NS_ASSERTIONS = NO;
				ENABLE_STRICT_OBJC_MSGSEND = YES;
				GCC_C_LANGUAGE_STANDARD = gnu11;
				GCC_NO_COMMON_BLOCKS = YES;
				GCC_WARN_64_TO_32_BIT_CONVERSION = YES;
				GCC_WARN_ABOUT_RETURN_TYPE = YES_ERROR;
				GCC_WARN_UNDECLARED_SELECTOR = YES;
				GCC_WARN_UNINITIALIZED_AUTOS = YES_AGGRESSIVE;
				GCC_WARN_UNUSED_FUNCTION = YES;
				GCC_WARN_UNUSED_VARIABLE = YES;
				IPHONEOS_DEPLOYMENT_TARGET = 13.1;
				MTL_ENABLE_DEBUG_INFO = NO;
				MTL_FAST_MATH = YES;
				SDKROOT = iphoneos;
				SWIFT_COMPILATION_MODE = wholemodule;
				SWIFT_OPTIMIZATION_LEVEL = "-O";
				VALIDATE_PRODUCT = YES;
			};
			name = Release;
		};
		94A6773623A9CB1D0060BB2A /* Debug */ = {
			isa = XCBuildConfiguration;
			buildSettings = {
				ASSETCATALOG_COMPILER_APPICON_NAME = AppIcon;
				CODE_SIGN_STYLE = Automatic;
				INFOPLIST_FILE = SwiftPMExample/Info.plist;
				LD_RUNPATH_SEARCH_PATHS = (
					"$(inherited)",
					"@executable_path/Frameworks",
				);
				PRODUCT_BUNDLE_IDENTIFIER = com.example.JXPhotoBrowser.SwiftPMExample;
				PRODUCT_NAME = "$(TARGET_NAME)";
				SWIFT_VERSION = 5.0;
				TARGETED_DEVICE_FAMILY = "1,2";
			};
			name = Debug;
		};
		94A6773723A9CB1D0060BB2A /* Release */ = {
			isa = XCBuildConfiguration;
			buildSettings = {
				ASSETCATALOG_COMPILER_APPICON_NAME = AppIcon;
				CODE_SIGN_STYLE = Automatic;
				INFOPLIST_FILE = SwiftPMExample/Info.plist;
				LD_RUNPATH_SEARCH_PATHS = (
					"$(inherited)",
					"@executable_path/Frameworks",
				);
				PRODUCT_BUNDLE_IDENTIFIER = com.example.JXPhotoBrowser.SwiftPMExample;
				PRODUCT_NAME = "$(TARGET_NAME)";
				SWIFT_VERSION = 5.0;
				TARGETED_DEVICE_FAMILY = "1,2";
			};
			name = Release;
		};
/* End XCBuildConfiguration section */

/* Begin XCConfigurationList section */
		94A6771C23A9CB1B0060BB2A /* Build configuration list for PBXProject "SwiftPMExample" */ = {
			isa = XCConfigurationList;
			buildConfigurations = (
				94A6773323A9CB1D0060BB2A /* Debug */,
				94A6773423A9CB1D0060BB2A /* Release */,
			);
			defaultConfigurationIsVisible = 0;
			defaultConfigurationName = Release;
		};
		94A6773523A9CB1D0060BB2A /* Build configuration list for PBXNativeTarget "SwiftPMExample" */ = {
			isa = XCConfigurationList;
			buildConfigurations = (
				94A6773623A9CB1D0060BB2A /* Debug */,
				94A6773723A9CB1D0060BB2A /* Release */,
			);
			defaultConfigurationIsVisible = 0;
			defaultConfigurationName = Release;
		};
/* End XCConfigurationList section */

/* Begin XCRemoteSwiftPackageReference section */
		941E3D1823AA3485000E2B8A /* XCRemoteSwiftPackageReference "PhotoBrowser" */ = {
			isa = XCRemoteSwiftPackageReference;
			repositoryURL = "https://github.com/JiongXing/PhotoBrowser";
			requirement = {
				kind = upToNextMajorVersion;
				minimumVersion = 3.0.5;
			};
		};
/* End XCRemoteSwiftPackageReference section */

/* Begin XCSwiftPackageProductDependency section */
		941E3D1923AA3485000E2B8A /* JXPhotoBrowser */ = {
			isa = XCSwiftPackageProductDependency;
			package = 941E3D1823AA3485000E2B8A /* XCRemoteSwiftPackageReference "PhotoBrowser" */;
			productName = JXPhotoBrowser;
		};
/* End XCSwiftPackageProductDependency section */
	};
	rootObject = 94A6771923A9CB1B0060BB2A /* Project object */;
}
