// !$*UTF8*$!
{
	archiveVersion = 1;
	classes = {
	};
	objectVersion = 46;
	objects = {

/* Begin PBXBuildFile section */
		94329C39207DA25300C83E5C /* JXPhotoBrowser.podspec in Resources */ = {isa = PBXBuildFile; fileRef = 94329C38207DA25300C83E5C /* JXPhotoBrowser.podspec */; };
		94329C3B207DA5A800C83E5C /* README.md in Resources */ = {isa = PBXBuildFile; fileRef = 94329C3A207DA5A800C83E5C /* README.md */; };
		943AB24A1E724A4E0019ABBA /* MomentsPhotoCollectionViewCell.swift in Sources */ = {isa = PBXBuildFile; fileRef = 943AB2491E724A4E0019ABBA /* MomentsPhotoCollectionViewCell.swift */; };
		9453916E1E713A4C00A9AF66 /* AppDelegate.swift in Sources */ = {isa = PBXBuildFile; fileRef = 9453916D1E713A4C00A9AF66 /* AppDelegate.swift */; };
		945391751E713A4C00A9AF66 /* Assets.xcassets in Resources */ = {isa = PBXBuildFile; fileRef = 945391741E713A4C00A9AF66 /* Assets.xcassets */; };
		945391781E713A4C00A9AF66 /* LaunchScreen.storyboard in Resources */ = {isa = PBXBuildFile; fileRef = 945391761E713A4C00A9AF66 /* LaunchScreen.storyboard */; };
		9453919C1E713CCC00A9AF66 /* MomentsViewController.swift in Sources */ = {isa = PBXBuildFile; fileRef = 9453919B1E713CCC00A9AF66 /* MomentsViewController.swift */; };
		9488C09F546D256A892E5FFC /* Pods_PhotoBrowser.framework in Frameworks */ = {isa = PBXBuildFile; fileRef = 363546FCAE096417DD0438DC /* Pods_PhotoBrowser.framework */; };
		9490B44920B26291004E91A2 /* MomentsTableViewCell.swift in Sources */ = {isa = PBXBuildFile; fileRef = 9490B44820B26291004E91A2 /* MomentsTableViewCell.swift */; };
		9490B44B20B295B0004E91A2 /* OverlayModel.swift in Sources */ = {isa = PBXBuildFile; fileRef = 9490B44A20B295B0004E91A2 /* OverlayModel.swift */; };
		94E6460420A894F80056B65F /* OverlayPlugin.swift in Sources */ = {isa = PBXBuildFile; fileRef = 94E6460320A894F80056B65F /* OverlayPlugin.swift */; };
/* End PBXBuildFile section */

/* Begin PBXFileReference section */
		32570BE3CA15894A792E6ABC /* Pods-PhotoBrowser.release.xcconfig */ = {isa = PBXFileReference; includeInIndex = 1; lastKnownFileType = text.xcconfig; name = "Pods-PhotoBrowser.release.xcconfig"; path = "Pods/Target Support Files/Pods-PhotoBrowser/Pods-PhotoBrowser.release.xcconfig"; sourceTree = "<group>"; };
		363546FCAE096417DD0438DC /* Pods_PhotoBrowser.framework */ = {isa = PBXFileReference; explicitFileType = wrapper.framework; includeInIndex = 0; path = Pods_PhotoBrowser.framework; sourceTree = BUILT_PRODUCTS_DIR; };
		47E5F69AEB2919CEBF10D4AA /* Pods-PhotoBrowser.debug.xcconfig */ = {isa = PBXFileReference; includeInIndex = 1; lastKnownFileType = text.xcconfig; name = "Pods-PhotoBrowser.debug.xcconfig"; path = "Pods/Target Support Files/Pods-PhotoBrowser/Pods-PhotoBrowser.debug.xcconfig"; sourceTree = "<group>"; };
		59EF5448ECA4869EE2F0BD69 /* Pods_PhotoBrowserUITests.framework */ = {isa = PBXFileReference; explicitFileType = wrapper.framework; includeInIndex = 0; path = Pods_PhotoBrowserUITests.framework; sourceTree = BUILT_PRODUCTS_DIR; };
		8586CF77D6602139070D6A91 /* Pods_PhotoBrowserTests.framework */ = {isa = PBXFileReference; explicitFileType = wrapper.framework; includeInIndex = 0; path = Pods_PhotoBrowserTests.framework; sourceTree = BUILT_PRODUCTS_DIR; };
		94329C38207DA25300C83E5C /* JXPhotoBrowser.podspec */ = {isa = PBXFileReference; fileEncoding = 4; lastKnownFileType = text; name = JXPhotoBrowser.podspec; path = ../JXPhotoBrowser.podspec; sourceTree = "<group>"; xcLanguageSpecificationIdentifier = xcode.lang.ruby; };
		94329C3A207DA5A800C83E5C /* README.md */ = {isa = PBXFileReference; fileEncoding = 4; lastKnownFileType = net.daringfireball.markdown; name = README.md; path = ../README.md; sourceTree = "<group>"; };
		943A5C6020CE4A0500B92D92 /* CHANGELOG.md */ = {isa = PBXFileReference; lastKnownFileType = net.daringfireball.markdown; name = CHANGELOG.md; path = ../CHANGELOG.md; sourceTree = "<group>"; };
		943AB2491E724A4E0019ABBA /* MomentsPhotoCollectionViewCell.swift */ = {isa = PBXFileReference; fileEncoding = 4; lastKnownFileType = sourcecode.swift; path = MomentsPhotoCollectionViewCell.swift; sourceTree = "<group>"; };
		9453916A1E713A4C00A9AF66 /* PhotoBrowser.app */ = {isa = PBXFileReference; explicitFileType = wrapper.application; includeInIndex = 0; path = PhotoBrowser.app; sourceTree = BUILT_PRODUCTS_DIR; };
		9453916D1E713A4C00A9AF66 /* AppDelegate.swift */ = {isa = PBXFileReference; lastKnownFileType = sourcecode.swift; path = AppDelegate.swift; sourceTree = "<group>"; };
		945391741E713A4C00A9AF66 /* Assets.xcassets */ = {isa = PBXFileReference; lastKnownFileType = folder.assetcatalog; path = Assets.xcassets; sourceTree = "<group>"; };
		945391771E713A4C00A9AF66 /* Base */ = {isa = PBXFileReference; lastKnownFileType = file.storyboard; name = Base; path = Base.lproj/LaunchScreen.storyboard; sourceTree = "<group>"; };
		945391791E713A4C00A9AF66 /* Info.plist */ = {isa = PBXFileReference; lastKnownFileType = text.plist.xml; path = Info.plist; sourceTree = "<group>"; };
		9453919B1E713CCC00A9AF66 /* MomentsViewController.swift */ = {isa = PBXFileReference; fileEncoding = 4; lastKnownFileType = sourcecode.swift; path = MomentsViewController.swift; sourceTree = "<group>"; };
		9490B44820B26291004E91A2 /* MomentsTableViewCell.swift */ = {isa = PBXFileReference; lastKnownFileType = sourcecode.swift; path = MomentsTableViewCell.swift; sourceTree = "<group>"; };
		9490B44A20B295B0004E91A2 /* OverlayModel.swift */ = {isa = PBXFileReference; lastKnownFileType = sourcecode.swift; path = OverlayModel.swift; sourceTree = "<group>"; };
		94E6460320A894F80056B65F /* OverlayPlugin.swift */ = {isa = PBXFileReference; lastKnownFileType = sourcecode.swift; path = OverlayPlugin.swift; sourceTree = "<group>"; };
/* End PBXFileReference section */

/* Begin PBXFrameworksBuildPhase section */
		945391671E713A4C00A9AF66 /* Frameworks */ = {
			isa = PBXFrameworksBuildPhase;
			buildActionMask = 2147483647;
			files = (
				9488C09F546D256A892E5FFC /* Pods_PhotoBrowser.framework in Frameworks */,
			);
			runOnlyForDeploymentPostprocessing = 0;
		};
/* End PBXFrameworksBuildPhase section */

/* Begin PBXGroup section */
		2074F71571AF9FA7EACA529A /* Frameworks */ = {
			isa = PBXGroup;
			children = (
				363546FCAE096417DD0438DC /* Pods_PhotoBrowser.framework */,
				8586CF77D6602139070D6A91 /* Pods_PhotoBrowserTests.framework */,
				59EF5448ECA4869EE2F0BD69 /* Pods_PhotoBrowserUITests.framework */,
			);
			name = Frameworks;
			sourceTree = "<group>";
		};
		94329C37207DA23D00C83E5C /* MetaData */ = {
			isa = PBXGroup;
			children = (
				94329C3A207DA5A800C83E5C /* README.md */,
				943A5C6020CE4A0500B92D92 /* CHANGELOG.md */,
				94329C38207DA25300C83E5C /* JXPhotoBrowser.podspec */,
			);
			name = MetaData;
			sourceTree = "<group>";
		};
		945391611E713A4C00A9AF66 = {
			isa = PBXGroup;
			children = (
				94329C37207DA23D00C83E5C /* MetaData */,
				9453916C1E713A4C00A9AF66 /* PhotoBrowser */,
				9453916B1E713A4C00A9AF66 /* Products */,
				FA9EB99E53011C5B705EE036 /* Pods */,
				2074F71571AF9FA7EACA529A /* Frameworks */,
			);
			sourceTree = "<group>";
		};
		9453916B1E713A4C00A9AF66 /* Products */ = {
			isa = PBXGroup;
			children = (
				9453916A1E713A4C00A9AF66 /* PhotoBrowser.app */,
			);
			name = Products;
			sourceTree = "<group>";
		};
		9453916C1E713A4C00A9AF66 /* PhotoBrowser */ = {
			isa = PBXGroup;
			children = (
				9453916D1E713A4C00A9AF66 /* AppDelegate.swift */,
				9453919B1E713CCC00A9AF66 /* MomentsViewController.swift */,
				9490B44820B26291004E91A2 /* MomentsTableViewCell.swift */,
				943AB2491E724A4E0019ABBA /* MomentsPhotoCollectionViewCell.swift */,
				94E6460320A894F80056B65F /* OverlayPlugin.swift */,
				9490B44A20B295B0004E91A2 /* OverlayModel.swift */,
				945391741E713A4C00A9AF66 /* Assets.xcassets */,
				945391761E713A4C00A9AF66 /* LaunchScreen.storyboard */,
				945391791E713A4C00A9AF66 /* Info.plist */,
			);
			path = PhotoBrowser;
			sourceTree = "<group>";
		};
		FA9EB99E53011C5B705EE036 /* Pods */ = {
			isa = PBXGroup;
			children = (
				47E5F69AEB2919CEBF10D4AA /* Pods-PhotoBrowser.debug.xcconfig */,
				32570BE3CA15894A792E6ABC /* Pods-PhotoBrowser.release.xcconfig */,
			);
			name = Pods;
			sourceTree = "<group>";
		};
/* End PBXGroup section */

/* Begin PBXNativeTarget section */
		945391691E713A4C00A9AF66 /* PhotoBrowser */ = {
			isa = PBXNativeTarget;
			buildConfigurationList = 945391921E713A4C00A9AF66 /* Build configuration list for PBXNativeTarget "PhotoBrowser" */;
			buildPhases = (
				C265D22A1366934C80FB4A01 /* [CP] Check Pods Manifest.lock */,
				945391661E713A4C00A9AF66 /* Sources */,
				945391671E713A4C00A9AF66 /* Frameworks */,
				945391681E713A4C00A9AF66 /* Resources */,
				6439EF8BF026AC6FC21420A2 /* [CP] Embed Pods Frameworks */,
			);
			buildRules = (
			);
			dependencies = (
			);
			name = PhotoBrowser;
			productName = PhotoBrowser;
			productReference = 9453916A1E713A4C00A9AF66 /* PhotoBrowser.app */;
			productType = "com.apple.product-type.application";
		};
/* End PBXNativeTarget section */

/* Begin PBXProject section */
		945391621E713A4C00A9AF66 /* Project object */ = {
			isa = PBXProject;
			attributes = {
				LastSwiftUpdateCheck = 0820;
				LastUpgradeCheck = 0930;
				ORGANIZATIONNAME = JiongXing;
				TargetAttributes = {
					945391691E713A4C00A9AF66 = {
						CreatedOnToolsVersion = 8.2.1;
						DevelopmentTeam = 4Z74PJAKUM;
						ProvisioningStyle = Automatic;
					};
				};
			};
			buildConfigurationList = 945391651E713A4C00A9AF66 /* Build configuration list for PBXProject "PhotoBrowser" */;
			compatibilityVersion = "Xcode 3.2";
			developmentRegion = English;
			hasScannedForEncodings = 0;
			knownRegions = (
				en,
				Base,
			);
			mainGroup = 945391611E713A4C00A9AF66;
			productRefGroup = 9453916B1E713A4C00A9AF66 /* Products */;
			projectDirPath = "";
			projectRoot = "";
			targets = (
				945391691E713A4C00A9AF66 /* PhotoBrowser */,
			);
		};
/* End PBXProject section */

/* Begin PBXResourcesBuildPhase section */
		945391681E713A4C00A9AF66 /* Resources */ = {
			isa = PBXResourcesBuildPhase;
			buildActionMask = 2147483647;
			files = (
				945391781E713A4C00A9AF66 /* LaunchScreen.storyboard in Resources */,
				945391751E713A4C00A9AF66 /* Assets.xcassets in Resources */,
				94329C3B207DA5A800C83E5C /* README.md in Resources */,
				94329C39207DA25300C83E5C /* JXPhotoBrowser.podspec in Resources */,
			);
			runOnlyForDeploymentPostprocessing = 0;
		};
/* End PBXResourcesBuildPhase section */

/* Begin PBXShellScriptBuildPhase section */
		6439EF8BF026AC6FC21420A2 /* [CP] Embed Pods Frameworks */ = {
			isa = PBXShellScriptBuildPhase;
			buildActionMask = 2147483647;
			files = (
			);
			inputPaths = (
				"${SRCROOT}/Pods/Target Support Files/Pods-PhotoBrowser/Pods-PhotoBrowser-frameworks.sh",
				"${BUILT_PRODUCTS_DIR}/JXPhotoBrowser/JXPhotoBrowser.framework",
				"${BUILT_PRODUCTS_DIR}/Kingfisher/Kingfisher.framework",
			);
			name = "[CP] Embed Pods Frameworks";
			outputPaths = (
				"${TARGET_BUILD_DIR}/${FRAMEWORKS_FOLDER_PATH}/JXPhotoBrowser.framework",
				"${TARGET_BUILD_DIR}/${FRAMEWORKS_FOLDER_PATH}/Kingfisher.framework",
			);
			runOnlyForDeploymentPostprocessing = 0;
			shellPath = /bin/sh;
			shellScript = "\"${SRCROOT}/Pods/Target Support Files/Pods-PhotoBrowser/Pods-PhotoBrowser-frameworks.sh\"\n";
			showEnvVarsInLog = 0;
		};
		C265D22A1366934C80FB4A01 /* [CP] Check Pods Manifest.lock */ = {
			isa = PBXShellScriptBuildPhase;
			buildActionMask = 2147483647;
			files = (
			);
			inputPaths = (
				"${PODS_PODFILE_DIR_PATH}/Podfile.lock",
				"${PODS_ROOT}/Manifest.lock",
			);
			name = "[CP] Check Pods Manifest.lock";
			outputPaths = (
				"$(DERIVED_FILE_DIR)/Pods-PhotoBrowser-checkManifestLockResult.txt",
			);
			runOnlyForDeploymentPostprocessing = 0;
			shellPath = /bin/sh;
			shellScript = "diff \"${PODS_PODFILE_DIR_PATH}/Podfile.lock\" \"${PODS_ROOT}/Manifest.lock\" > /dev/null\nif [ $? != 0 ] ; then\n    # print error to STDERR\n    echo \"error: The sandbox is not in sync with the Podfile.lock. Run 'pod install' or update your CocoaPods installation.\" >&2\n    exit 1\nfi\n# This output is used by Xcode 'outputs' to avoid re-running this script phase.\necho \"SUCCESS\" > \"${SCRIPT_OUTPUT_FILE_0}\"\n";
			showEnvVarsInLog = 0;
		};
/* End PBXShellScriptBuildPhase section */

/* Begin PBXSourcesBuildPhase section */
		945391661E713A4C00A9AF66 /* Sources */ = {
			isa = PBXSourcesBuildPhase;
			buildActionMask = 2147483647;
			files = (
				9453916E1E713A4C00A9AF66 /* AppDelegate.swift in Sources */,
				9490B44920B26291004E91A2 /* MomentsTableViewCell.swift in Sources */,
				94E6460420A894F80056B65F /* OverlayPlugin.swift in Sources */,
				9453919C1E713CCC00A9AF66 /* MomentsViewController.swift in Sources */,
				9490B44B20B295B0004E91A2 /* OverlayModel.swift in Sources */,
				943AB24A1E724A4E0019ABBA /* MomentsPhotoCollectionViewCell.swift in Sources */,
			);
			runOnlyForDeploymentPostprocessing = 0;
		};
/* End PBXSourcesBuildPhase section */

/* Begin PBXVariantGroup section */
		945391761E713A4C00A9AF66 /* LaunchScreen.storyboard */ = {
			isa = PBXVariantGroup;
			children = (
				945391771E713A4C00A9AF66 /* Base */,
			);
			name = LaunchScreen.storyboard;
			sourceTree = "<group>";
		};
/* End PBXVariantGroup section */

/* Begin XCBuildConfiguration section */
		945391901E713A4C00A9AF66 /* Debug */ = {
			isa = XCBuildConfiguration;
			buildSettings = {
				ALWAYS_SEARCH_USER_PATHS = NO;
				CLANG_ANALYZER_NONNULL = YES;
				CLANG_CXX_LANGUAGE_STANDARD = "gnu++0x";
				CLANG_CXX_LIBRARY = "libc++";
				CLANG_ENABLE_MODULES = YES;
				CLANG_ENABLE_OBJC_ARC = YES;
				CLANG_WARN_BLOCK_CAPTURE_AUTORELEASING = YES;
				CLANG_WARN_BOOL_CONVERSION = YES;
				CLANG_WARN_COMMA = YES;
				CLANG_WARN_CONSTANT_CONVERSION = YES;
				CLANG_WARN_DEPRECATED_OBJC_IMPLEMENTATIONS = YES;
				CLANG_WARN_DIRECT_OBJC_ISA_USAGE = YES_ERROR;
				CLANG_WARN_DOCUMENTATION_COMMENTS = YES;
				CLANG_WARN_EMPTY_BODY = YES;
				CLANG_WARN_ENUM_CONVERSION = YES;
				CLANG_WARN_INFINITE_RECURSION = YES;
				CLANG_WARN_INT_CONVERSION = YES;
				CLANG_WARN_NON_LITERAL_NULL_CONVERSION = YES;
				CLANG_WARN_OBJC_IMPLICIT_RETAIN_SELF = YES;
				CLANG_WARN_OBJC_LITERAL_CONVERSION = YES;
				CLANG_WARN_OBJC_ROOT_CLASS = YES_ERROR;
				CLANG_WARN_RANGE_LOOP_ANALYSIS = YES;
				CLANG_WARN_STRICT_PROTOTYPES = YES;
				CLANG_WARN_SUSPICIOUS_MOVE = YES;
				CLANG_WARN_UNREACHABLE_CODE = YES;
				CLANG_WARN__DUPLICATE_METHOD_MATCH = YES;
				"CODE_SIGN_IDENTITY[sdk=iphoneos*]" = "iPhone Developer";
				COPY_PHASE_STRIP = NO;
				DEBUG_INFORMATION_FORMAT = dwarf;
				ENABLE_STRICT_OBJC_MSGSEND = YES;
				ENABLE_TESTABILITY = YES;
				GCC_C_LANGUAGE_STANDARD = gnu99;
				GCC_DYNAMIC_NO_PIC = NO;
				GCC_NO_COMMON_BLOCKS = YES;
				GCC_OPTIMIZATION_LEVEL = 0;
				GCC_PREPROCESSOR_DEFINITIONS = (
					"DEBUG=1",
					"$(inherited)",
				);
				GCC_WARN_64_TO_32_BIT_CONVERSION = YES;
				GCC_WARN_ABOUT_RETURN_TYPE = YES_ERROR;
				GCC_WARN_UNDECLARED_SELECTOR = YES;
				GCC_WARN_UNINITIALIZED_AUTOS = YES_AGGRESSIVE;
				GCC_WARN_UNUSED_FUNCTION = YES;
				GCC_WARN_UNUSED_VARIABLE = YES;
				IPHONEOS_DEPLOYMENT_TARGET = 8.0;
				MTL_ENABLE_DEBUG_INFO = YES;
				ONLY_ACTIVE_ARCH = YES;
				SDKROOT = iphoneos;
				SWIFT_ACTIVE_COMPILATION_CONDITIONS = DEBUG;
				SWIFT_OPTIMIZATION_LEVEL = "-Onone";
				TARGETED_DEVICE_FAMILY = "1,2";
			};
			name = Debug;
		};
		945391911E713A4C00A9AF66 /* Release */ = {
			isa = XCBuildConfiguration;
			buildSettings = {
				ALWAYS_SEARCH_USER_PATHS = NO;
				CLANG_ANALYZER_NONNULL = YES;
				CLANG_CXX_LANGUAGE_STANDARD = "gnu++0x";
				CLANG_CXX_LIBRARY = "libc++";
				CLANG_ENABLE_MODULES = YES;
				CLANG_ENABLE_OBJC_ARC = YES;
				CLANG_WARN_BLOCK_CAPTURE_AUTORELEASING = YES;
				CLANG_WARN_BOOL_CONVERSION = YES;
				CLANG_WARN_COMMA = YES;
				CLANG_WARN_CONSTANT_CONVERSION = YES;
				CLANG_WARN_DEPRECATED_OBJC_IMPLEMENTATIONS = YES;
				CLANG_WARN_DIRECT_OBJC_ISA_USAGE = YES_ERROR;
				CLANG_WARN_DOCUMENTATION_COMMENTS = YES;
				CLANG_WARN_EMPTY_BODY = YES;
				CLANG_WARN_ENUM_CONVERSION = YES;
				CLANG_WARN_INFINITE_RECURSION = YES;
				CLANG_WARN_INT_CONVERSION = YES;
				CLANG_WARN_NON_LITERAL_NULL_CONVERSION = YES;
				CLANG_WARN_OBJC_IMPLICIT_RETAIN_SELF = YES;
				CLANG_WARN_OBJC_LITERAL_CONVERSION = YES;
				CLANG_WARN_OBJC_ROOT_CLASS = YES_ERROR;
				CLANG_WARN_RANGE_LOOP_ANALYSIS = YES;
				CLANG_WARN_STRICT_PROTOTYPES = YES;
				CLANG_WARN_SUSPICIOUS_MOVE = YES;
				CLANG_WARN_UNREACHABLE_CODE = YES;
				CLANG_WARN__DUPLICATE_METHOD_MATCH = YES;
				"CODE_SIGN_IDENTITY[sdk=iphoneos*]" = "iPhone Developer";
				COPY_PHASE_STRIP = NO;
				DEBUG_INFORMATION_FORMAT = "dwarf-with-dsym";
				ENABLE_NS_ASSERTIONS = NO;
				ENABLE_STRICT_OBJC_MSGSEND = YES;
				GCC_C_LANGUAGE_STANDARD = gnu99;
				GCC_NO_COMMON_BLOCKS = YES;
				GCC_WARN_64_TO_32_BIT_CONVERSION = YES;
				GCC_WARN_ABOUT_RETURN_TYPE = YES_ERROR;
				GCC_WARN_UNDECLARED_SELECTOR = YES;
				GCC_WARN_UNINITIALIZED_AUTOS = YES_AGGRESSIVE;
				GCC_WARN_UNUSED_FUNCTION = YES;
				GCC_WARN_UNUSED_VARIABLE = YES;
				IPHONEOS_DEPLOYMENT_TARGET = 8.0;
				MTL_ENABLE_DEBUG_INFO = NO;
				SDKROOT = iphoneos;
				SWIFT_OPTIMIZATION_LEVEL = "-Owholemodule";
				TARGETED_DEVICE_FAMILY = "1,2";
				VALIDATE_PRODUCT = YES;
			};
			name = Release;
		};
		945391931E713A4C00A9AF66 /* Debug */ = {
			isa = XCBuildConfiguration;
			baseConfigurationReference = 47E5F69AEB2919CEBF10D4AA /* Pods-PhotoBrowser.debug.xcconfig */;
			buildSettings = {
				ASSETCATALOG_COMPILER_APPICON_NAME = AppIcon;
				"CODE_SIGN_IDENTITY[sdk=iphoneos*]" = "iPhone Developer";
				DEVELOPMENT_TEAM = 4Z74PJAKUM;
				INFOPLIST_FILE = PhotoBrowser/Info.plist;
				LD_RUNPATH_SEARCH_PATHS = "$(inherited) @executable_path/Frameworks";
				PRODUCT_BUNDLE_IDENTIFIER = com.ljx.PhotoBrowser;
				PRODUCT_NAME = "$(TARGET_NAME)";
				PROVISIONING_PROFILE_SPECIFIER = "";
				SWIFT_VERSION = 4.0;
			};
			name = Debug;
		};
		945391941E713A4C00A9AF66 /* Release */ = {
			isa = XCBuildConfiguration;
			baseConfigurationReference = 32570BE3CA15894A792E6ABC /* Pods-PhotoBrowser.release.xcconfig */;
			buildSettings = {
				ASSETCATALOG_COMPILER_APPICON_NAME = AppIcon;
				"CODE_SIGN_IDENTITY[sdk=iphoneos*]" = "iPhone Developer";
				DEVELOPMENT_TEAM = 4Z74PJAKUM;
				INFOPLIST_FILE = PhotoBrowser/Info.plist;
				LD_RUNPATH_SEARCH_PATHS = "$(inherited) @executable_path/Frameworks";
				PRODUCT_BUNDLE_IDENTIFIER = com.ljx.PhotoBrowser;
				PRODUCT_NAME = "$(TARGET_NAME)";
				PROVISIONING_PROFILE_SPECIFIER = "";
				SWIFT_VERSION = 4.0;
			};
			name = Release;
		};
/* End XCBuildConfiguration section */

/* Begin XCConfigurationList section */
		945391651E713A4C00A9AF66 /* Build configuration list for PBXProject "PhotoBrowser" */ = {
			isa = XCConfigurationList;
			buildConfigurations = (
				945391901E713A4C00A9AF66 /* Debug */,
				945391911E713A4C00A9AF66 /* Release */,
			);
			defaultConfigurationIsVisible = 0;
			defaultConfigurationName = Release;
		};
		945391921E713A4C00A9AF66 /* Build configuration list for PBXNativeTarget "PhotoBrowser" */ = {
			isa = XCConfigurationList;
			buildConfigurations = (
				945391931E713A4C00A9AF66 /* Debug */,
				945391941E713A4C00A9AF66 /* Release */,
			);
			defaultConfigurationIsVisible = 0;
			defaultConfigurationName = Release;
		};
/* End XCConfigurationList section */
	};
	rootObject = 945391621E713A4C00A9AF66 /* Project object */;
}
